{
  "name": "frontend-accelerator-toolset",
  "version": "0.1.0",
  "lockfileVersion": 3,
  "requires": true,
  "packages": {
    "": {
      "name": "frontend-accelerator-toolset",
      "version": "0.1.0",
      "bin": {
        "frontend-accelerator": "bin/frontend-accelerator.mjs"
      },
      "engines": {
        "node": ">=24"
      }
    }
  }
}
